// !$*UTF8*$!
{
	archiveVersion = 1;
	classes = {
	};
	objectVersion = 46;
	objects = {

/* Begin PBXBuildFile section */
		8D509DC81EE440B800CF06F2 /* CassiniViewController.swift in Sources */ = {isa = PBXBuildFile; fileRef = 8D509DC71EE440B800CF06F2 /* CassiniViewController.swift */; };
		8D90EEF11EE3006000192963 /* AppDelegate.swift in Sources */ = {isa = PBXBuildFile; fileRef = 8D90EEF01EE3006000192963 /* AppDelegate.swift */; };
		8D90EEF31EE3006000192963 /* ImageViewController.swift in Sources */ = {isa = PBXBuildFile; fileRef = 8D90EEF21EE3006000192963 /* ImageViewController.swift */; };
		8D90EEF61EE3006000192963 /* Main.storyboard in Resources */ = {isa = PBXBuildFile; fileRef = 8D90EEF41EE3006000192963 /* Main.storyboard */; };
		8D90EEF81EE3006000192963 /* Assets.xcassets in Resources */ = {isa = PBXBuildFile; fileRef = 8D90EEF71EE3006000192963 /* Assets.xcassets */; };
		8D90EEFB1EE3006000192963 /* LaunchScreen.storyboard in Resources */ = {isa = PBXBuildFile; fileRef = 8D90EEF91EE3006000192963 /* LaunchScreen.storyboard */; };
		8D90EF031EE3046300192963 /* DemoURL.swift in Sources */ = {isa = PBXBuildFile; fileRef = 8D90EF021EE3046300192963 /* DemoURL.swift */; };
/* End PBXBuildFile section */

/* Begin PBXFileReference section */
		8D509DC71EE440B800CF06F2 /* CassiniViewController.swift */ = {isa = PBXFileReference; fileEncoding = 4; lastKnownFileType = sourcecode.swift; path = CassiniViewController.swift; sourceTree = "<group>"; };
		8D90EEED1EE3006000192963 /* Cassini.app */ = {isa = PBXFileReference; explicitFileType = wrapper.application; includeInIndex = 0; path = Cassini.app; sourceTree = BUILT_PRODUCTS_DIR; };
		8D90EEF01EE3006000192963 /* AppDelegate.swift */ = {isa = PBXFileReference; lastKnownFileType = sourcecode.swift; path = AppDelegate.swift; sourceTree = "<group>"; };
		8D90EEF21EE3006000192963 /* ImageViewController.swift */ = {isa = PBXFileReference; lastKnownFileType = sourcecode.swift; path = ImageViewController.swift; sourceTree = "<group>"; };
		8D90EEF51EE3006000192963 /* Base */ = {isa = PBXFileReference; lastKnownFileType = file.storyboard; name = Base; path = Base.lproj/Main.storyboard; sourceTree = "<group>"; };
		8D90EEF71EE3006000192963 /* Assets.xcassets */ = {isa = PBXFileReference; lastKnownFileType = folder.assetcatalog; path = Assets.xcassets; sourceTree = "<group>"; };
		8D90EEFA1EE3006000192963 /* Base */ = {isa = PBXFileReference; lastKnownFileType = file.storyboard; name = Base; path = Base.lproj/LaunchScreen.storyboard; sourceTree = "<group>"; };
		8D90EEFC1EE3006000192963 /* Info.plist */ = {isa = PBXFileReference; lastKnownFileType = text.plist.xml; path = Info.plist; sourceTree = "<group>"; };
		8D90EF021EE3046300192963 /* DemoURL.swift */ = {isa = PBXFileReference; fileEncoding = 4; lastKnownFileType = sourcecode.swift; path = DemoURL.swift; sourceTree = "<group>"; };
/* End PBXFileReference section */

/* Begin PBXFrameworksBuildPhase section */
		8D90EEEA1EE3006000192963 /* Frameworks */ = {
			isa = PBXFrameworksBuildPhase;
			buildActionMask = 2147483647;
			files = (
			);
			runOnlyForDeploymentPostprocessing = 0;
		};
/* End PBXFrameworksBuildPhase section */

/* Begin PBXGroup section */
		8D509DC61EE43D8800CF06F2 /* Supporting Files */ = {
			isa = PBXGroup;
			children = (
				8D90EEF71EE3006000192963 /* Assets.xcassets */,
				8D90EEF91EE3006000192963 /* LaunchScreen.storyboard */,
			);
			name = "Supporting Files";
			sourceTree = "<group>";
		};
		8D90EEE41EE3006000192963 = {
			isa = PBXGroup;
			children = (
				8D90EEEF1EE3006000192963 /* Cassini */,
				8D90EEEE1EE3006000192963 /* Products */,
			);
			sourceTree = "<group>";
		};
		8D90EEEE1EE3006000192963 /* Products */ = {
			isa = PBXGroup;
			children = (
				8D90EEED1EE3006000192963 /* Cassini.app */,
			);
			name = Products;
			sourceTree = "<group>";
		};
		8D90EEEF1EE3006000192963 /* Cassini */ = {
			isa = PBXGroup;
			children = (
				8D90EEF01EE3006000192963 /* AppDelegate.swift */,
				8D509DC71EE440B800CF06F2 /* CassiniViewController.swift */,
				8D90EEF21EE3006000192963 /* ImageViewController.swift */,
				8D90EF021EE3046300192963 /* DemoURL.swift */,
				8D90EEF41EE3006000192963 /* Main.storyboard */,
				8D90EEFC1EE3006000192963 /* Info.plist */,
				8D509DC61EE43D8800CF06F2 /* Supporting Files */,
			);
			path = Cassini;
			sourceTree = "<group>";
		};
/* End PBXGroup section */

/* Begin PBXNativeTarget section */
		8D90EEEC1EE3006000192963 /* Cassini */ = {
			isa = PBXNativeTarget;
			buildConfigurationList = 8D90EEFF1EE3006000192963 /* Build configuration list for PBXNativeTarget "Cassini" */;
			buildPhases = (
				8D90EEE91EE3006000192963 /* Sources */,
				8D90EEEA1EE3006000192963 /* Frameworks */,
				8D90EEEB1EE3006000192963 /* Resources */,
			);
			buildRules = (
			);
			dependencies = (
			);
			name = Cassini;
			productName = Cassini;
			productReference = 8D90EEED1EE3006000192963 /* Cassini.app */;
			productType = "com.apple.product-type.application";
		};
/* End PBXNativeTarget section */

/* Begin PBXProject section */
		8D90EEE51EE3006000192963 /* Project object */ = {
			isa = PBXProject;
			attributes = {
				LastSwiftUpdateCheck = 0820;
				LastUpgradeCheck = 0820;
				ORGANIZATIONNAME = "Samuel Lavania";
				TargetAttributes = {
					8D90EEEC1EE3006000192963 = {
						CreatedOnToolsVersion = 8.2.1;
						ProvisioningStyle = Automatic;
					};
				};
			};
			buildConfigurationList = 8D90EEE81EE3006000192963 /* Build configuration list for PBXProject "Cassini" */;
			compatibilityVersion = "Xcode 3.2";
			developmentRegion = English;
			hasScannedForEncodings = 0;
			knownRegions = (
				en,
				Base,
			);
			mainGroup = 8D90EEE41EE3006000192963;
			productRefGroup = 8D90EEEE1EE3006000192963 /* Products */;
			projectDirPath = "";
			projectRoot = "";
			targets = (
				8D90EEEC1EE3006000192963 /* Cassini */,
			);
		};
/* End PBXProject section */

/* Begin PBXResourcesBuildPhase section */
		8D90EEEB1EE3006000192963 /* Resources */ = {
			isa = PBXResourcesBuildPhase;
			buildActionMask = 2147483647;
			files = (
				8D90EEFB1EE3006000192963 /* LaunchScreen.storyboard in Resources */,
				8D90EEF81EE3006000192963 /* Assets.xcassets in Resources */,
				8D90EEF61EE3006000192963 /* Main.storyboard in Resources */,
			);
			runOnlyForDeploymentPostprocessing = 0;
		};
/* End PBXResourcesBuildPhase section */

/* Begin PBXSourcesBuildPhase section */
		8D90EEE91EE3006000192963 /* Sources */ = {
			isa = PBXSourcesBuildPhase;
			buildActionMask = 2147483647;
			files = (
				8D90EEF31EE3006000192963 /* ImageViewController.swift in Sources */,
				8D90EEF11EE3006000192963 /* AppDelegate.swift in Sources */,
				8D90EF031EE3046300192963 /* DemoURL.swift in Sources */,
				8D509DC81EE440B800CF06F2 /* CassiniViewController.swift in Sources */,
			);
			runOnlyForDeploymentPostprocessing = 0;
		};
/* End PBXSourcesBuildPhase section */

/* Begin PBXVariantGroup section */
		8D90EEF41EE3006000192963 /* Main.storyboard */ = {
			isa = PBXVariantGroup;
			children = (
				8D90EEF51EE3006000192963 /* Base */,
			);
			name = Main.storyboard;
			sourceTree = "<group>";
		};
		8D90EEF91EE3006000192963 /* LaunchScreen.storyboard */ = {
			isa = PBXVariantGroup;
			children = (
				8D90EEFA1EE3006000192963 /* Base */,
			);
			name = LaunchScreen.storyboard;
			sourceTree = "<group>";
		};
/* End PBXVariantGroup section */

/* Begin XCBuildConfiguration section */
		8D90EEFD1EE3006000192963 /* Debug */ = {
			isa = XCBuildConfiguration;
			buildSettings = {
				ALWAYS_SEARCH_USER_PATHS = NO;
				CLANG_ANALYZER_NONNULL = YES;
				CLANG_CXX_LANGUAGE_STANDARD = "gnu++0x";
				CLANG_CXX_LIBRARY = "libc++";
				CLANG_ENABLE_MODULES = YES;
				CLANG_ENABLE_OBJC_ARC = YES;
				CLANG_WARN_BOOL_CONVERSION = YES;
				CLANG_WARN_CONSTANT_CONVERSION = YES;
				CLANG_WARN_DIRECT_OBJC_ISA_USAGE = YES_ERROR;
				CLANG_WARN_DOCUMENTATION_COMMENTS = YES;
				CLANG_WARN_EMPTY_BODY = YES;
				CLANG_WARN_ENUM_CONVERSION = YES;
				CLANG_WARN_INFINITE_RECURSION = YES;
				CLANG_WARN_INT_CONVERSION = YES;
				CLANG_WARN_OBJC_ROOT_CLASS = YES_ERROR;
				CLANG_WARN_SUSPICIOUS_MOVE = YES;
				CLANG_WARN_UNREACHABLE_CODE = YES;
				CLANG_WARN__DUPLICATE_METHOD_MATCH = YES;
				"CODE_SIGN_IDENTITY[sdk=iphoneos*]" = "iPhone Developer";
				COPY_PHASE_STRIP = NO;
				DEBUG_INFORMATION_FORMAT = dwarf;
				ENABLE_STRICT_OBJC_MSGSEND = YES;
				ENABLE_TESTABILITY = YES;
				GCC_C_LANGUAGE_STANDARD = gnu99;
				GCC_DYNAMIC_NO_PIC = NO;
				GCC_NO_COMMON_BLOCKS = YES;
				GCC_OPTIMIZATION_LEVEL = 0;
				GCC_PREPROCESSOR_DEFINITIONS = (
					"DEBUG=1",
					"$(inherited)",
				);
				GCC_WARN_64_TO_32_BIT_CONVERSION = YES;
				GCC_WARN_ABOUT_RETURN_TYPE = YES_ERROR;
				GCC_WARN_UNDECLARED_SELECTOR = YES;
				GCC_WARN_UNINITIALIZED_AUTOS = YES_AGGRESSIVE;
				GCC_WARN_UNUSED_FUNCTION = YES;
				GCC_WARN_UNUSED_VARIABLE = YES;
				IPHONEOS_DEPLOYMENT_TARGET = 10.2;
				MTL_ENABLE_DEBUG_INFO = YES;
				ONLY_ACTIVE_ARCH = YES;
				SDKROOT = iphoneos;
				SWIFT_ACTIVE_COMPILATION_CONDITIONS = DEBUG;
				SWIFT_OPTIMIZATION_LEVEL = "-Onone";
				TARGETED_DEVICE_FAMILY = "1,2";
			};
			name = Debug;
		};
		8D90EEFE1EE3006000192963 /* Release */ = {
			isa = XCBuildConfiguration;
			buildSettings = {
				ALWAYS_SEARCH_USER_PATHS = NO;
				CLANG_ANALYZER_NONNULL = YES;
				CLANG_CXX_LANGUAGE_STANDARD = "gnu++0x";
				CLANG_CXX_LIBRARY = "libc++";
				CLANG_ENABLE_MODULES = YES;
				CLANG_ENABLE_OBJC_ARC = YES;
				CLANG_WARN_BOOL_CONVERSION = YES;
				CLANG_WARN_CONSTANT_CONVERSION = YES;
				CLANG_WARN_DIRECT_OBJC_ISA_USAGE = YES_ERROR;
				CLANG_WARN_DOCUMENTATION_COMMENTS = YES;
				CLANG_WARN_EMPTY_BODY = YES;
				CLANG_WARN_ENUM_CONVERSION = YES;
				CLANG_WARN_INFINITE_RECURSION = YES;
				CLANG_WARN_INT_CONVERSION = YES;
				CLANG_WARN_OBJC_ROOT_CLASS = YES_ERROR;
				CLANG_WARN_SUSPICIOUS_MOVE = YES;
				CLANG_WARN_UNREACHABLE_CODE = YES;
				CLANG_WARN__DUPLICATE_METHOD_MATCH = YES;
				"CODE_SIGN_IDENTITY[sdk=iphoneos*]" = "iPhone Developer";
				COPY_PHASE_STRIP = NO;
				DEBUG_INFORMATION_FORMAT = "dwarf-with-dsym";
				ENABLE_NS_ASSERTIONS = NO;
				ENABLE_STRICT_OBJC_MSGSEND = YES;
				GCC_C_LANGUAGE_STANDARD = gnu99;
				GCC_NO_COMMON_BLOCKS = YES;
				GCC_WARN_64_TO_32_BIT_CONVERSION = YES;
				GCC_WARN_ABOUT_RETURN_TYPE = YES_ERROR;
				GCC_WARN_UNDECLARED_SELECTOR = YES;
				GCC_WARN_UNINITIALIZED_AUTOS = YES_AGGRESSIVE;
				GCC_WARN_UNUSED_FUNCTION = YES;
				GCC_WARN_UNUSED_VARIABLE = YES;
				IPHONEOS_DEPLOYMENT_TARGET = 10.2;
				MTL_ENABLE_DEBUG_INFO = NO;
				SDKROOT = iphoneos;
				SWIFT_OPTIMIZATION_LEVEL = "-Owholemodule";
				TARGETED_DEVICE_FAMILY = "1,2";
				VALIDATE_PRODUCT = YES;
			};
			name = Release;
		};
		8D90EF001EE3006000192963 /* Debug */ = {
			isa = XCBuildConfiguration;
			buildSettings = {
				ASSETCATALOG_COMPILER_APPICON_NAME = AppIcon;
				INFOPLIST_FILE = Cassini/Info.plist;
				LD_RUNPATH_SEARCH_PATHS = "$(inherited) @executable_path/Frameworks";
				PRODUCT_BUNDLE_IDENTIFIER = com.lavisapp.Cassini;
				PRODUCT_NAME = "$(TARGET_NAME)";
				SWIFT_VERSION = 3.0;
			};
			name = Debug;
		};
		8D90EF011EE3006000192963 /* Release */ = {
			isa = XCBuildConfiguration;
			buildSettings = {
				ASSETCATALOG_COMPILER_APPICON_NAME = AppIcon;
				INFOPLIST_FILE = Cassini/Info.plist;
				LD_RUNPATH_SEARCH_PATHS = "$(inherited) @executable_path/Frameworks";
				PRODUCT_BUNDLE_IDENTIFIER = com.lavisapp.Cassini;
				PRODUCT_NAME = "$(TARGET_NAME)";
				SWIFT_VERSION = 3.0;
			};
			name = Release;
		};
/* End XCBuildConfiguration section */

/* Begin XCConfigurationList section */
		8D90EEE81EE3006000192963 /* Build configuration list for PBXProject "Cassini" */ = {
			isa = XCConfigurationList;
			buildConfigurations = (
				8D90EEFD1EE3006000192963 /* Debug */,
				8D90EEFE1EE3006000192963 /* Release */,
			);
			defaultConfigurationIsVisible = 0;
			defaultConfigurationName = Release;
		};
		8D90EEFF1EE3006000192963 /* Build configuration list for PBXNativeTarget "Cassini" */ = {
			isa = XCConfigurationList;
			buildConfigurations = (
				8D90EF001EE3006000192963 /* Debug */,
				8D90EF011EE3006000192963 /* Release */,
			);
			defaultConfigurationIsVisible = 0;
			defaultConfigurationName = Release;
		};
/* End XCConfigurationList section */
	};
	rootObject = 8D90EEE51EE3006000192963 /* Project object */;
}
